
Microsoft Visual Studio Solution File, Format Version 12.00
# Visual Studio Version 17
VisualStudioVersion = 17.14.36717.8 d17.14
MinimumVisualStudioVersion = 10.0.40219.1
Project("{FAE04EC0-301F-11D3-BF4B-00C04F79EFBC}") = "NidecHLMS", "NidecHLMS\NidecHLMS.csproj", "{CD4CA396-6B36-49C8-9280-CE807E801443}"
EndProject
Project("{FAE04EC0-301F-11D3-BF4B-00C04F79EFBC}") = "Domain", "Domain\Domain.csproj", "{9D870BC2-7062-4044-937B-451213AFACD4}"
EndProject
Project("{FAE04EC0-301F-11D3-BF4B-00C04F79EFBC}") = "Application", "Application\Application.csproj", "{97555990-E4CC-46AF-91CE-437CB1C864B6}"
EndProject
Project("{FAE04EC0-301F-11D3-BF4B-00C04F79EFBC}") = "Persistence", "Persistence\Persistence.csproj", "{0B4F0BDD-6FBF-4A1B-ABCB-78DA529C26D7}"
EndProject
Project("{FAE04EC0-301F-11D3-BF4B-00C04F79EFBC}") = "Infrastructure", "Infrastructure\Infrastructure.csproj", "{55E92F85-73DF-4F8D-B530-70E4C0AF5E1F}"
EndProject
Global
	GlobalSection(SolutionConfigurationPlatforms) = preSolution
		Debug|Any CPU = Debug|Any CPU
		Release|Any CPU = Release|Any CPU
	EndGlobalSection
	GlobalSection(ProjectConfigurationPlatforms) = postSolution
		{CD4CA396-6B36-49C8-9280-CE807E801443}.Debug|Any CPU.ActiveCfg = Debug|Any CPU
		{CD4CA396-6B36-49C8-9280-CE807E801443}.Debug|Any CPU.Build.0 = Debug|Any CPU
		{CD4CA396-6B36-49C8-9280-CE807E801443}.Release|Any CPU.ActiveCfg = Release|Any CPU
		{CD4CA396-6B36-49C8-9280-CE807E801443}.Release|Any CPU.Build.0 = Release|Any CPU
		{9D870BC2-7062-4044-937B-451213AFACD4}.Debug|Any CPU.ActiveCfg = Debug|Any CPU
		{9D870BC2-7062-4044-937B-451213AFACD4}.Debug|Any CPU.Build.0 = Debug|Any CPU
		{9D870BC2-7062-4044-937B-451213AFACD4}.Release|Any CPU.ActiveCfg = Release|Any CPU
		{9D870BC2-7062-4044-937B-451213AFACD4}.Release|Any CPU.Build.0 = Release|Any CPU
		{97555990-E4CC-46AF-91CE-437CB1C864B6}.Debug|Any CPU.ActiveCfg = Debug|Any CPU
		{97555990-E4CC-46AF-91CE-437CB1C864B6}.Debug|Any CPU.Build.0 = Debug|Any CPU
		{97555990-E4CC-46AF-91CE-437CB1C864B6}.Release|Any CPU.ActiveCfg = Release|Any CPU
		{97555990-E4CC-46AF-91CE-437CB1C864B6}.Release|Any CPU.Build.0 = Release|Any CPU
		{0B4F0BDD-6FBF-4A1B-ABCB-78DA529C26D7}.Debug|Any CPU.ActiveCfg = Debug|Any CPU
		{0B4F0BDD-6FBF-4A1B-ABCB-78DA529C26D7}.Debug|Any CPU.Build.0 = Debug|Any CPU
		{0B4F0BDD-6FBF-4A1B-ABCB-78DA529C26D7}.Release|Any CPU.ActiveCfg = Release|Any CPU
		{0B4F0BDD-6FBF-4A1B-ABCB-78DA529C26D7}.Release|Any CPU.Build.0 = Release|Any CPU
		{55E92F85-73DF-4F8D-B530-70E4C0AF5E1F}.Debug|Any CPU.ActiveCfg = Debug|Any CPU
		{55E92F85-73DF-4F8D-B530-70E4C0AF5E1F}.Debug|Any CPU.Build.0 = Debug|Any CPU
		{55E92F85-73DF-4F8D-B530-70E4C0AF5E1F}.Release|Any CPU.ActiveCfg = Release|Any CPU
		{55E92F85-73DF-4F8D-B530-70E4C0AF5E1F}.Release|Any CPU.Build.0 = Release|Any CPU
	EndGlobalSection
	GlobalSection(SolutionProperties) = preSolution
		HideSolutionNode = FALSE
	EndGlobalSection
	GlobalSection(ExtensibilityGlobals) = postSolution
		SolutionGuid = {255620D4-AE81-426F-A470-48C6AAFB2804}
	EndGlobalSection
EndGlobal
